# generated by rye
# use `rye lock` or `rye sync` to update this lockfile
#
# last locked with the following flags:
#   pre: false
#   features: []
#   all-features: false
#   with-sources: false
#   generate-hashes: false

-e file:.
asgiref==3.8.1
    # via django
django==5.0.6
    # via django-debug-toolbar
    # via djangoapi
    # via djangorestframework
django-debug-toolbar==4.4.2
    # via djangoapi
djangorestframework==3.15.2
    # via djangoapi
markdown==3.6
    # via djangoapi
psycopg==3.1.19
    # via djangoapi
sqlparse==0.5.0
    # via django
    # via django-debug-toolbar
typing-extensions==4.12.2
    # via psycopg
